
Microsoft Visual Studio Solution File, Format Version 11.00
# Visual Studio 2010
Project("{FAE04EC0-301F-11D3-BF4B-00C04F79EFBC}") = "Assembly-CSharp", "Assembly-CSharp.csproj", "{AC4F833D-3A58-56A7-8277-95108227AC37}"
EndProject
Project("{FAE04EC0-301F-11D3-BF4B-00C04F79EFBC}") = "Assembly-CSharp-Editor", "Assembly-CSharp-Editor.csproj", "{6BDFF54F-B476-E20B-FBAC-18DD7A66A9D4}"
EndProject
Global
	GlobalSection(SolutionConfigurationPlatforms) = preSolution
		Debug|Any CPU = Debug|Any CPU
		Release|Any CPU = Release|Any CPU
	EndGlobalSection
	GlobalSection(ProjectConfigurationPlatforms) = postSolution
		{AC4F833D-3A58-56A7-8277-95108227AC37}.Debug|Any CPU.ActiveCfg = Debug|Any CPU
		{AC4F833D-3A58-56A7-8277-95108227AC37}.Debug|Any CPU.Build.0 = Debug|Any CPU
		{AC4F833D-3A58-56A7-8277-95108227AC37}.Release|Any CPU.ActiveCfg = Release|Any CPU
		{AC4F833D-3A58-56A7-8277-95108227AC37}.Release|Any CPU.Build.0 = Release|Any CPU
		{6BDFF54F-B476-E20B-FBAC-18DD7A66A9D4}.Debug|Any CPU.ActiveCfg = Debug|Any CPU
		{6BDFF54F-B476-E20B-FBAC-18DD7A66A9D4}.Debug|Any CPU.Build.0 = Debug|Any CPU
		{6BDFF54F-B476-E20B-FBAC-18DD7A66A9D4}.Release|Any CPU.ActiveCfg = Release|Any CPU
		{6BDFF54F-B476-E20B-FBAC-18DD7A66A9D4}.Release|Any CPU.Build.0 = Release|Any CPU
	EndGlobalSection
	GlobalSection(SolutionProperties) = preSolution
		HideSolutionNode = FALSE
	EndGlobalSection
EndGlobal
